// !$*UTF8*$!
{
	archiveVersion = 1;
	classes = {
	};
	objectVersion = 56;
	objects = {

/* Begin PBXBuildFile section */
		EB388D492B29114000850706 /* CoffeeMastersApp.swift in Sources */ = {isa = PBXBuildFile; fileRef = EB388D482B29114000850706 /* CoffeeMastersApp.swift */; };
		EB388D4B2B29114000850706 /* ContentView.swift in Sources */ = {isa = PBXBuildFile; fileRef = EB388D4A2B29114000850706 /* ContentView.swift */; };
		EB388D4D2B29114100850706 /* Assets.xcassets in Resources */ = {isa = PBXBuildFile; fileRef = EB388D4C2B29114100850706 /* Assets.xcassets */; };
		EB388D502B29114100850706 /* Preview Assets.xcassets in Resources */ = {isa = PBXBuildFile; fileRef = EB388D4F2B29114100850706 /* Preview Assets.xcassets */; };
		EB3F06BC2B61C314007CCA4D /* Alamofire in Frameworks */ = {isa = PBXBuildFile; productRef = EB3F06BB2B61C314007CCA4D /* Alamofire */; };
		EB8AC09A2B5C9115002E6726 /* Offer.swift in Sources */ = {isa = PBXBuildFile; fileRef = EB8AC0992B5C9115002E6726 /* Offer.swift */; };
		EB92BFBD2B607209000B82FF /* OffersPage.swift in Sources */ = {isa = PBXBuildFile; fileRef = EB92BFBC2B607209000B82FF /* OffersPage.swift */; };
		EBEE013F2B6192060004BF3B /* MenuPage.swift in Sources */ = {isa = PBXBuildFile; fileRef = EBEE013E2B6192060004BF3B /* MenuPage.swift */; };
		EBEE01412B6192100004BF3B /* OrdersPage.swift in Sources */ = {isa = PBXBuildFile; fileRef = EBEE01402B6192100004BF3B /* OrdersPage.swift */; };
		EBEE01432B6192190004BF3B /* InfoPage.swift in Sources */ = {isa = PBXBuildFile; fileRef = EBEE01422B6192190004BF3B /* InfoPage.swift */; };
		EBEE01452B6192B90004BF3B /* ProductItem.swift in Sources */ = {isa = PBXBuildFile; fileRef = EBEE01442B6192B90004BF3B /* ProductItem.swift */; };
		EBEE01472B6197030004BF3B /* DetailsPage.swift in Sources */ = {isa = PBXBuildFile; fileRef = EBEE01462B6197030004BF3B /* DetailsPage.swift */; };
		EBFCE2E42B61B36300B23B1A /* Category.swift in Sources */ = {isa = PBXBuildFile; fileRef = EBFCE2E32B61B36300B23B1A /* Category.swift */; };
		EBFCE2E62B61B36F00B23B1A /* Product.swift in Sources */ = {isa = PBXBuildFile; fileRef = EBFCE2E52B61B36F00B23B1A /* Product.swift */; };
		EBFCE2E82B61B5C900B23B1A /* MenuManager.swift in Sources */ = {isa = PBXBuildFile; fileRef = EBFCE2E72B61B5C900B23B1A /* MenuManager.swift */; };
		EBFCE2EA2B61B5DC00B23B1A /* CartManager.swift in Sources */ = {isa = PBXBuildFile; fileRef = EBFCE2E92B61B5DC00B23B1A /* CartManager.swift */; };
		EBFCE2EC2B61BD5500B23B1A /* OrderItem.swift in Sources */ = {isa = PBXBuildFile; fileRef = EBFCE2EB2B61BD5500B23B1A /* OrderItem.swift */; };
/* End PBXBuildFile section */

/* Begin PBXFileReference section */
		EB388D452B29114000850706 /* CoffeeMasters.app */ = {isa = PBXFileReference; explicitFileType = wrapper.application; includeInIndex = 0; path = CoffeeMasters.app; sourceTree = BUILT_PRODUCTS_DIR; };
		EB388D482B29114000850706 /* CoffeeMastersApp.swift */ = {isa = PBXFileReference; lastKnownFileType = sourcecode.swift; path = CoffeeMastersApp.swift; sourceTree = "<group>"; };
		EB388D4A2B29114000850706 /* ContentView.swift */ = {isa = PBXFileReference; lastKnownFileType = sourcecode.swift; path = ContentView.swift; sourceTree = "<group>"; };
		EB388D4C2B29114100850706 /* Assets.xcassets */ = {isa = PBXFileReference; lastKnownFileType = folder.assetcatalog; path = Assets.xcassets; sourceTree = "<group>"; };
		EB388D4F2B29114100850706 /* Preview Assets.xcassets */ = {isa = PBXFileReference; lastKnownFileType = folder.assetcatalog; path = "Preview Assets.xcassets"; sourceTree = "<group>"; };
		EB8AC0992B5C9115002E6726 /* Offer.swift */ = {isa = PBXFileReference; lastKnownFileType = sourcecode.swift; path = Offer.swift; sourceTree = "<group>"; };
		EB92BFBC2B607209000B82FF /* OffersPage.swift */ = {isa = PBXFileReference; lastKnownFileType = sourcecode.swift; path = OffersPage.swift; sourceTree = "<group>"; };
		EBEE013E2B6192060004BF3B /* MenuPage.swift */ = {isa = PBXFileReference; lastKnownFileType = sourcecode.swift; path = MenuPage.swift; sourceTree = "<group>"; };
		EBEE01402B6192100004BF3B /* OrdersPage.swift */ = {isa = PBXFileReference; lastKnownFileType = sourcecode.swift; path = OrdersPage.swift; sourceTree = "<group>"; };
		EBEE01422B6192190004BF3B /* InfoPage.swift */ = {isa = PBXFileReference; lastKnownFileType = sourcecode.swift; path = InfoPage.swift; sourceTree = "<group>"; };
		EBEE01442B6192B90004BF3B /* ProductItem.swift */ = {isa = PBXFileReference; lastKnownFileType = sourcecode.swift; path = ProductItem.swift; sourceTree = "<group>"; };
		EBEE01462B6197030004BF3B /* DetailsPage.swift */ = {isa = PBXFileReference; lastKnownFileType = sourcecode.swift; path = DetailsPage.swift; sourceTree = "<group>"; };
		EBFCE2E32B61B36300B23B1A /* Category.swift */ = {isa = PBXFileReference; lastKnownFileType = sourcecode.swift; path = Category.swift; sourceTree = "<group>"; };
		EBFCE2E52B61B36F00B23B1A /* Product.swift */ = {isa = PBXFileReference; lastKnownFileType = sourcecode.swift; path = Product.swift; sourceTree = "<group>"; };
		EBFCE2E72B61B5C900B23B1A /* MenuManager.swift */ = {isa = PBXFileReference; lastKnownFileType = sourcecode.swift; path = MenuManager.swift; sourceTree = "<group>"; };
		EBFCE2E92B61B5DC00B23B1A /* CartManager.swift */ = {isa = PBXFileReference; lastKnownFileType = sourcecode.swift; path = CartManager.swift; sourceTree = "<group>"; };
		EBFCE2EB2B61BD5500B23B1A /* OrderItem.swift */ = {isa = PBXFileReference; lastKnownFileType = sourcecode.swift; path = OrderItem.swift; sourceTree = "<group>"; };
/* End PBXFileReference section */

/* Begin PBXFrameworksBuildPhase section */
		EB388D422B29114000850706 /* Frameworks */ = {
			isa = PBXFrameworksBuildPhase;
			buildActionMask = 2147483647;
			files = (
				EB3F06BC2B61C314007CCA4D /* Alamofire in Frameworks */,
			);
			runOnlyForDeploymentPostprocessing = 0;
		};
/* End PBXFrameworksBuildPhase section */

/* Begin PBXGroup section */
		EB388D3C2B29114000850706 = {
			isa = PBXGroup;
			children = (
				EB388D472B29114000850706 /* CoffeeMasters */,
				EB388D462B29114000850706 /* Products */,
			);
			sourceTree = "<group>";
		};
		EB388D462B29114000850706 /* Products */ = {
			isa = PBXGroup;
			children = (
				EB388D452B29114000850706 /* CoffeeMasters.app */,
			);
			name = Products;
			sourceTree = "<group>";
		};
		EB388D472B29114000850706 /* CoffeeMasters */ = {
			isa = PBXGroup;
			children = (
				EBFCE2E12B61B34800B23B1A /* Model */,
				EBEE013D2B6191DE0004BF3B /* Page Views */,
				EBEE013C2B6191D20004BF3B /* Views */,
				EB388D482B29114000850706 /* CoffeeMastersApp.swift */,
				EB388D4A2B29114000850706 /* ContentView.swift */,
				EB388D4C2B29114100850706 /* Assets.xcassets */,
				EB388D4E2B29114100850706 /* Preview Content */,
			);
			path = CoffeeMasters;
			sourceTree = "<group>";
		};
		EB388D4E2B29114100850706 /* Preview Content */ = {
			isa = PBXGroup;
			children = (
				EB388D4F2B29114100850706 /* Preview Assets.xcassets */,
			);
			path = "Preview Content";
			sourceTree = "<group>";
		};
		EBEE013C2B6191D20004BF3B /* Views */ = {
			isa = PBXGroup;
			children = (
				EB8AC0992B5C9115002E6726 /* Offer.swift */,
				EBEE01442B6192B90004BF3B /* ProductItem.swift */,
				EBFCE2EB2B61BD5500B23B1A /* OrderItem.swift */,
			);
			path = Views;
			sourceTree = "<group>";
		};
		EBEE013D2B6191DE0004BF3B /* Page Views */ = {
			isa = PBXGroup;
			children = (
				EB92BFBC2B607209000B82FF /* OffersPage.swift */,
				EBEE013E2B6192060004BF3B /* MenuPage.swift */,
				EBEE01402B6192100004BF3B /* OrdersPage.swift */,
				EBEE01422B6192190004BF3B /* InfoPage.swift */,
				EBEE01462B6197030004BF3B /* DetailsPage.swift */,
			);
			path = "Page Views";
			sourceTree = "<group>";
		};
		EBFCE2E12B61B34800B23B1A /* Model */ = {
			isa = PBXGroup;
			children = (
				EBFCE2E32B61B36300B23B1A /* Category.swift */,
				EBFCE2E52B61B36F00B23B1A /* Product.swift */,
				EBFCE2E72B61B5C900B23B1A /* MenuManager.swift */,
				EBFCE2E92B61B5DC00B23B1A /* CartManager.swift */,
			);
			path = Model;
			sourceTree = "<group>";
		};
/* End PBXGroup section */

/* Begin PBXNativeTarget section */
		EB388D442B29114000850706 /* CoffeeMasters */ = {
			isa = PBXNativeTarget;
			buildConfigurationList = EB388D532B29114100850706 /* Build configuration list for PBXNativeTarget "CoffeeMasters" */;
			buildPhases = (
				EB388D412B29114000850706 /* Sources */,
				EB388D422B29114000850706 /* Frameworks */,
				EB388D432B29114000850706 /* Resources */,
			);
			buildRules = (
			);
			dependencies = (
			);
			name = CoffeeMasters;
			packageProductDependencies = (
				EB3F06BB2B61C314007CCA4D /* Alamofire */,
			);
			productName = CoffeeMasters;
			productReference = EB388D452B29114000850706 /* CoffeeMasters.app */;
			productType = "com.apple.product-type.application";
		};
/* End PBXNativeTarget section */

/* Begin PBXProject section */
		EB388D3D2B29114000850706 /* Project object */ = {
			isa = PBXProject;
			attributes = {
				BuildIndependentTargetsInParallel = 1;
				LastSwiftUpdateCheck = 1500;
				LastUpgradeCheck = 1500;
				TargetAttributes = {
					EB388D442B29114000850706 = {
						CreatedOnToolsVersion = 15.0.1;
					};
				};
			};
			buildConfigurationList = EB388D402B29114000850706 /* Build configuration list for PBXProject "CoffeeMasters" */;
			compatibilityVersion = "Xcode 14.0";
			developmentRegion = en;
			hasScannedForEncodings = 0;
			knownRegions = (
				en,
				Base,
			);
			mainGroup = EB388D3C2B29114000850706;
			packageReferences = (
				EB3F06BA2B61C314007CCA4D /* XCRemoteSwiftPackageReference "Alamofire" */,
			);
			productRefGroup = EB388D462B29114000850706 /* Products */;
			projectDirPath = "";
			projectRoot = "";
			targets = (
				EB388D442B29114000850706 /* CoffeeMasters */,
			);
		};
/* End PBXProject section */

/* Begin PBXResourcesBuildPhase section */
		EB388D432B29114000850706 /* Resources */ = {
			isa = PBXResourcesBuildPhase;
			buildActionMask = 2147483647;
			files = (
				EB388D502B29114100850706 /* Preview Assets.xcassets in Resources */,
				EB388D4D2B29114100850706 /* Assets.xcassets in Resources */,
			);
			runOnlyForDeploymentPostprocessing = 0;
		};
/* End PBXResourcesBuildPhase section */

/* Begin PBXSourcesBuildPhase section */
		EB388D412B29114000850706 /* Sources */ = {
			isa = PBXSourcesBuildPhase;
			buildActionMask = 2147483647;
			files = (
				EBFCE2E82B61B5C900B23B1A /* MenuManager.swift in Sources */,
				EBFCE2EA2B61B5DC00B23B1A /* CartManager.swift in Sources */,
				EB8AC09A2B5C9115002E6726 /* Offer.swift in Sources */,
				EBFCE2E42B61B36300B23B1A /* Category.swift in Sources */,
				EB92BFBD2B607209000B82FF /* OffersPage.swift in Sources */,
				EBEE013F2B6192060004BF3B /* MenuPage.swift in Sources */,
				EBEE01472B6197030004BF3B /* DetailsPage.swift in Sources */,
				EBFCE2E62B61B36F00B23B1A /* Product.swift in Sources */,
				EBEE01432B6192190004BF3B /* InfoPage.swift in Sources */,
				EBFCE2EC2B61BD5500B23B1A /* OrderItem.swift in Sources */,
				EBEE01452B6192B90004BF3B /* ProductItem.swift in Sources */,
				EB388D4B2B29114000850706 /* ContentView.swift in Sources */,
				EBEE01412B6192100004BF3B /* OrdersPage.swift in Sources */,
				EB388D492B29114000850706 /* CoffeeMastersApp.swift in Sources */,
			);
			runOnlyForDeploymentPostprocessing = 0;
		};
/* End PBXSourcesBuildPhase section */

/* Begin XCBuildConfiguration section */
		EB388D512B29114100850706 /* Debug */ = {
			isa = XCBuildConfiguration;
			buildSettings = {
				ALWAYS_SEARCH_USER_PATHS = NO;
				ASSETCATALOG_COMPILER_GENERATE_SWIFT_ASSET_SYMBOL_EXTENSIONS = YES;
				CLANG_ANALYZER_NONNULL = YES;
				CLANG_ANALYZER_NUMBER_OBJECT_CONVERSION = YES_AGGRESSIVE;
				CLANG_CXX_LANGUAGE_STANDARD = "gnu++20";
				CLANG_ENABLE_MODULES = YES;
				CLANG_ENABLE_OBJC_ARC = YES;
				CLANG_ENABLE_OBJC_WEAK = YES;
				CLANG_WARN_BLOCK_CAPTURE_AUTORELEASING = YES;
				CLANG_WARN_BOOL_CONVERSION = YES;
				CLANG_WARN_COMMA = YES;
				CLANG_WARN_CONSTANT_CONVERSION = YES;
				CLANG_WARN_DEPRECATED_OBJC_IMPLEMENTATIONS = YES;
				CLANG_WARN_DIRECT_OBJC_ISA_USAGE = YES_ERROR;
				CLANG_WARN_DOCUMENTATION_COMMENTS = YES;
				CLANG_WARN_EMPTY_BODY = YES;
				CLANG_WARN_ENUM_CONVERSION = YES;
				CLANG_WARN_INFINITE_RECURSION = YES;
				CLANG_WARN_INT_CONVERSION = YES;
				CLANG_WARN_NON_LITERAL_NULL_CONVERSION = YES;
				CLANG_WARN_OBJC_IMPLICIT_RETAIN_SELF = YES;
				CLANG_WARN_OBJC_LITERAL_CONVERSION = YES;
				CLANG_WARN_OBJC_ROOT_CLASS = YES_ERROR;
				CLANG_WARN_QUOTED_INCLUDE_IN_FRAMEWORK_HEADER = YES;
				CLANG_WARN_RANGE_LOOP_ANALYSIS = YES;
				CLANG_WARN_STRICT_PROTOTYPES = YES;
				CLANG_WARN_SUSPICIOUS_MOVE = YES;
				CLANG_WARN_UNGUARDED_AVAILABILITY = YES_AGGRESSIVE;
				CLANG_WARN_UNREACHABLE_CODE = YES;
				CLANG_WARN__DUPLICATE_METHOD_MATCH = YES;
				COPY_PHASE_STRIP = NO;
				DEBUG_INFORMATION_FORMAT = dwarf;
				ENABLE_STRICT_OBJC_MSGSEND = YES;
				ENABLE_TESTABILITY = YES;
				ENABLE_USER_SCRIPT_SANDBOXING = YES;
				GCC_C_LANGUAGE_STANDARD = gnu17;
				GCC_DYNAMIC_NO_PIC = NO;
				GCC_NO_COMMON_BLOCKS = YES;
				GCC_OPTIMIZATION_LEVEL = 0;
				GCC_PREPROCESSOR_DEFINITIONS = (
					"DEBUG=1",
					"$(inherited)",
				);
				GCC_WARN_64_TO_32_BIT_CONVERSION = YES;
				GCC_WARN_ABOUT_RETURN_TYPE = YES_ERROR;
				GCC_WARN_UNDECLARED_SELECTOR = YES;
				GCC_WARN_UNINITIALIZED_AUTOS = YES_AGGRESSIVE;
				GCC_WARN_UNUSED_FUNCTION = YES;
				GCC_WARN_UNUSED_VARIABLE = YES;
				IPHONEOS_DEPLOYMENT_TARGET = 17.0;
				LOCALIZATION_PREFERS_STRING_CATALOGS = YES;
				MTL_ENABLE_DEBUG_INFO = INCLUDE_SOURCE;
				MTL_FAST_MATH = YES;
				ONLY_ACTIVE_ARCH = YES;
				SDKROOT = iphoneos;
				SWIFT_ACTIVE_COMPILATION_CONDITIONS = "DEBUG $(inherited)";
				SWIFT_OPTIMIZATION_LEVEL = "-Onone";
			};
			name = Debug;
		};
		EB388D522B29114100850706 /* Release */ = {
			isa = XCBuildConfiguration;
			buildSettings = {
				ALWAYS_SEARCH_USER_PATHS = NO;
				ASSETCATALOG_COMPILER_GENERATE_SWIFT_ASSET_SYMBOL_EXTENSIONS = YES;
				CLANG_ANALYZER_NONNULL = YES;
				CLANG_ANALYZER_NUMBER_OBJECT_CONVERSION = YES_AGGRESSIVE;
				CLANG_CXX_LANGUAGE_STANDARD = "gnu++20";
				CLANG_ENABLE_MODULES = YES;
				CLANG_ENABLE_OBJC_ARC = YES;
				CLANG_ENABLE_OBJC_WEAK = YES;
				CLANG_WARN_BLOCK_CAPTURE_AUTORELEASING = YES;
				CLANG_WARN_BOOL_CONVERSION = YES;
				CLANG_WARN_COMMA = YES;
				CLANG_WARN_CONSTANT_CONVERSION = YES;
				CLANG_WARN_DEPRECATED_OBJC_IMPLEMENTATIONS = YES;
				CLANG_WARN_DIRECT_OBJC_ISA_USAGE = YES_ERROR;
				CLANG_WARN_DOCUMENTATION_COMMENTS = YES;
				CLANG_WARN_EMPTY_BODY = YES;
				CLANG_WARN_ENUM_CONVERSION = YES;
				CLANG_WARN_INFINITE_RECURSION = YES;
				CLANG_WARN_INT_CONVERSION = YES;
				CLANG_WARN_NON_LITERAL_NULL_CONVERSION = YES;
				CLANG_WARN_OBJC_IMPLICIT_RETAIN_SELF = YES;
				CLANG_WARN_OBJC_LITERAL_CONVERSION = YES;
				CLANG_WARN_OBJC_ROOT_CLASS = YES_ERROR;
				CLANG_WARN_QUOTED_INCLUDE_IN_FRAMEWORK_HEADER = YES;
				CLANG_WARN_RANGE_LOOP_ANALYSIS = YES;
				CLANG_WARN_STRICT_PROTOTYPES = YES;
				CLANG_WARN_SUSPICIOUS_MOVE = YES;
				CLANG_WARN_UNGUARDED_AVAILABILITY = YES_AGGRESSIVE;
				CLANG_WARN_UNREACHABLE_CODE = YES;
				CLANG_WARN__DUPLICATE_METHOD_MATCH = YES;
				COPY_PHASE_STRIP = NO;
				DEBUG_INFORMATION_FORMAT = "dwarf-with-dsym";
				ENABLE_NS_ASSERTIONS = NO;
				ENABLE_STRICT_OBJC_MSGSEND = YES;
				ENABLE_USER_SCRIPT_SANDBOXING = YES;
				GCC_C_LANGUAGE_STANDARD = gnu17;
				GCC_NO_COMMON_BLOCKS = YES;
				GCC_WARN_64_TO_32_BIT_CONVERSION = YES;
				GCC_WARN_ABOUT_RETURN_TYPE = YES_ERROR;
				GCC_WARN_UNDECLARED_SELECTOR = YES;
				GCC_WARN_UNINITIALIZED_AUTOS = YES_AGGRESSIVE;
				GCC_WARN_UNUSED_FUNCTION = YES;
				GCC_WARN_UNUSED_VARIABLE = YES;
				IPHONEOS_DEPLOYMENT_TARGET = 17.0;
				LOCALIZATION_PREFERS_STRING_CATALOGS = YES;
				MTL_ENABLE_DEBUG_INFO = NO;
				MTL_FAST_MATH = YES;
				SDKROOT = iphoneos;
				SWIFT_COMPILATION_MODE = wholemodule;
				VALIDATE_PRODUCT = YES;
			};
			name = Release;
		};
		EB388D542B29114100850706 /* Debug */ = {
			isa = XCBuildConfiguration;
			buildSettings = {
				ASSETCATALOG_COMPILER_APPICON_NAME = AppIcon;
				ASSETCATALOG_COMPILER_GLOBAL_ACCENT_COLOR_NAME = AccentColor;
				CODE_SIGN_STYLE = Automatic;
				CURRENT_PROJECT_VERSION = 1;
				DEVELOPMENT_ASSET_PATHS = "\"CoffeeMasters/Preview Content\"";
				ENABLE_PREVIEWS = YES;
				GENERATE_INFOPLIST_FILE = YES;
				INFOPLIST_KEY_UIApplicationSceneManifest_Generation = YES;
				INFOPLIST_KEY_UIApplicationSupportsIndirectInputEvents = YES;
				INFOPLIST_KEY_UILaunchScreen_Generation = YES;
				INFOPLIST_KEY_UISupportedInterfaceOrientations_iPad = "UIInterfaceOrientationPortrait UIInterfaceOrientationPortraitUpsideDown UIInterfaceOrientationLandscapeLeft UIInterfaceOrientationLandscapeRight";
				INFOPLIST_KEY_UISupportedInterfaceOrientations_iPhone = "UIInterfaceOrientationPortrait UIInterfaceOrientationLandscapeLeft UIInterfaceOrientationLandscapeRight";
				LD_RUNPATH_SEARCH_PATHS = (
					"$(inherited)",
					"@executable_path/Frameworks",
				);
				MARKETING_VERSION = 1.0;
				PRODUCT_BUNDLE_IDENTIFIER = practice.workshop.CoffeeMasters;
				PRODUCT_NAME = "$(TARGET_NAME)";
				SUPPORTED_PLATFORMS = "iphoneos iphonesimulator";
				SUPPORTS_MACCATALYST = NO;
				SUPPORTS_MAC_DESIGNED_FOR_IPHONE_IPAD = NO;
				SWIFT_EMIT_LOC_STRINGS = YES;
				SWIFT_VERSION = 5.0;
				TARGETED_DEVICE_FAMILY = 1;
			};
			name = Debug;
		};
		EB388D552B29114100850706 /* Release */ = {
			isa = XCBuildConfiguration;
			buildSettings = {
				ASSETCATALOG_COMPILER_APPICON_NAME = AppIcon;
				ASSETCATALOG_COMPILER_GLOBAL_ACCENT_COLOR_NAME = AccentColor;
				CODE_SIGN_STYLE = Automatic;
				CURRENT_PROJECT_VERSION = 1;
				DEVELOPMENT_ASSET_PATHS = "\"CoffeeMasters/Preview Content\"";
				ENABLE_PREVIEWS = YES;
				GENERATE_INFOPLIST_FILE = YES;
				INFOPLIST_KEY_UIApplicationSceneManifest_Generation = YES;
				INFOPLIST_KEY_UIApplicationSupportsIndirectInputEvents = YES;
				INFOPLIST_KEY_UILaunchScreen_Generation = YES;
				INFOPLIST_KEY_UISupportedInterfaceOrientations_iPad = "UIInterfaceOrientationPortrait UIInterfaceOrientationPortraitUpsideDown UIInterfaceOrientationLandscapeLeft UIInterfaceOrientationLandscapeRight";
				INFOPLIST_KEY_UISupportedInterfaceOrientations_iPhone = "UIInterfaceOrientationPortrait UIInterfaceOrientationLandscapeLeft UIInterfaceOrientationLandscapeRight";
				LD_RUNPATH_SEARCH_PATHS = (
					"$(inherited)",
					"@executable_path/Frameworks",
				);
				MARKETING_VERSION = 1.0;
				PRODUCT_BUNDLE_IDENTIFIER = practice.workshop.CoffeeMasters;
				PRODUCT_NAME = "$(TARGET_NAME)";
				SUPPORTED_PLATFORMS = "iphoneos iphonesimulator";
				SUPPORTS_MACCATALYST = NO;
				SUPPORTS_MAC_DESIGNED_FOR_IPHONE_IPAD = NO;
				SWIFT_EMIT_LOC_STRINGS = YES;
				SWIFT_VERSION = 5.0;
				TARGETED_DEVICE_FAMILY = 1;
			};
			name = Release;
		};
/* End XCBuildConfiguration section */

/* Begin XCConfigurationList section */
		EB388D402B29114000850706 /* Build configuration list for PBXProject "CoffeeMasters" */ = {
			isa = XCConfigurationList;
			buildConfigurations = (
				EB388D512B29114100850706 /* Debug */,
				EB388D522B29114100850706 /* Release */,
			);
			defaultConfigurationIsVisible = 0;
			defaultConfigurationName = Release;
		};
		EB388D532B29114100850706 /* Build configuration list for PBXNativeTarget "CoffeeMasters" */ = {
			isa = XCConfigurationList;
			buildConfigurations = (
				EB388D542B29114100850706 /* Debug */,
				EB388D552B29114100850706 /* Release */,
			);
			defaultConfigurationIsVisible = 0;
			defaultConfigurationName = Release;
		};
/* End XCConfigurationList section */

/* Begin XCRemoteSwiftPackageReference section */
		EB3F06BA2B61C314007CCA4D /* XCRemoteSwiftPackageReference "Alamofire" */ = {
			isa = XCRemoteSwiftPackageReference;
			repositoryURL = "https://github.com/Alamofire/Alamofire.git";
			requirement = {
				kind = upToNextMajorVersion;
				minimumVersion = 5.8.1;
			};
		};
/* End XCRemoteSwiftPackageReference section */

/* Begin XCSwiftPackageProductDependency section */
		EB3F06BB2B61C314007CCA4D /* Alamofire */ = {
			isa = XCSwiftPackageProductDependency;
			package = EB3F06BA2B61C314007CCA4D /* XCRemoteSwiftPackageReference "Alamofire" */;
			productName = Alamofire;
		};
/* End XCSwiftPackageProductDependency section */
	};
	rootObject = EB388D3D2B29114000850706 /* Project object */;
}
